
Microsoft Visual Studio Solution File, Format Version 12.00
# Visual Studio Version 16
VisualStudioVersion = 16.0.32802.440
MinimumVisualStudioVersion = 10.0.40219.1
Project("{8BC9CEB8-8B4A-11D0-8D11-00A0C91BC942}") = "CircleApp", "CircleApp\CircleApp.vcxproj", "{7E8BC9E4-21F4-4209-A53A-145DE0DBA96A}"
EndProject
Global
	GlobalSection(SolutionConfigurationPlatforms) = preSolution
		Debug|x64 = Debug|x64
		Debug|x86 = Debug|x86
		Release|x64 = Release|x64
		Release|x86 = Release|x86
	EndGlobalSection
	GlobalSection(ProjectConfigurationPlatforms) = postSolution
		{7E8BC9E4-21F4-4209-A53A-145DE0DBA96A}.Debug|x64.ActiveCfg = Debug|x64
		{7E8BC9E4-21F4-4209-A53A-145DE0DBA96A}.Debug|x64.Build.0 = Debug|x64
		{7E8BC9E4-21F4-4209-A53A-145DE0DBA96A}.Debug|x86.ActiveCfg = Debug|Win32
		{7E8BC9E4-21F4-4209-A53A-145DE0DBA96A}.Debug|x86.Build.0 = Debug|Win32
		{7E8BC9E4-21F4-4209-A53A-145DE0DBA96A}.Release|x64.ActiveCfg = Release|x64
		{7E8BC9E4-21F4-4209-A53A-145DE0DBA96A}.Release|x64.Build.0 = Release|x64
		{7E8BC9E4-21F4-4209-A53A-145DE0DBA96A}.Release|x86.ActiveCfg = Release|Win32
		{7E8BC9E4-21F4-4209-A53A-145DE0DBA96A}.Release|x86.Build.0 = Release|Win32
	EndGlobalSection
	GlobalSection(SolutionProperties) = preSolution
		HideSolutionNode = FALSE
	EndGlobalSection
	GlobalSection(ExtensibilityGlobals) = postSolution
		SolutionGuid = {2724A5E9-A994-4B27-9857-F9C4FB825736}
	EndGlobalSection
EndGlobal
